
Microsoft Visual Studio Solution File, Format Version 12.00
# Visual Studio 2013
VisualStudioVersion = 12.0.31101.0
MinimumVisualStudioVersion = 10.0.40219.1
Project("{FAE04EC0-301F-11D3-BF4B-00C04F79EFBC}") = "SG50.TokenService", "SG50.TokenService\SG50.TokenService.csproj", "{7CC24A02-D4D0-4691-8234-7E92DBEFC8B8}"
EndProject
Project("{FAE04EC0-301F-11D3-BF4B-00C04F79EFBC}") = "SG50.Presentation", "SG50.Presentation\SG50.Presentation.csproj", "{FB836E23-2B56-4C25-993E-425E0C75BEA8}"
EndProject
Project("{FAE04EC0-301F-11D3-BF4B-00C04F79EFBC}") = "SG50.Base", "SG50.Base\SG50.Base.csproj", "{97670968-2461-4E67-93C2-80B5E6B53762}"
EndProject
Project("{FAE04EC0-301F-11D3-BF4B-00C04F79EFBC}") = "SG50.Model", "SG50.Model\SG50.Model.csproj", "{1ABEE511-6C9C-4F88-BA59-040EE0AF6E6B}"
EndProject
Project("{FAE04EC0-301F-11D3-BF4B-00C04F79EFBC}") = "SG50.ApplicationService", "SG50.ApplicationService\SG50.ApplicationService.csproj", "{30214BE9-345E-4513-A054-B3387895B989}"
EndProject
Project("{FAE04EC0-301F-11D3-BF4B-00C04F79EFBC}") = "SG50.Common", "SG50.Common\SG50.Common.csproj", "{B9883A2D-9EF9-40B4-BE67-CF6257E11641}"
EndProject
Global
	GlobalSection(SolutionConfigurationPlatforms) = preSolution
		Debug|Any CPU = Debug|Any CPU
		Release|Any CPU = Release|Any CPU
	EndGlobalSection
	GlobalSection(ProjectConfigurationPlatforms) = postSolution
		{7CC24A02-D4D0-4691-8234-7E92DBEFC8B8}.Debug|Any CPU.ActiveCfg = Debug|Any CPU
		{7CC24A02-D4D0-4691-8234-7E92DBEFC8B8}.Debug|Any CPU.Build.0 = Debug|Any CPU
		{7CC24A02-D4D0-4691-8234-7E92DBEFC8B8}.Release|Any CPU.ActiveCfg = Release|Any CPU
		{7CC24A02-D4D0-4691-8234-7E92DBEFC8B8}.Release|Any CPU.Build.0 = Release|Any CPU
		{FB836E23-2B56-4C25-993E-425E0C75BEA8}.Debug|Any CPU.ActiveCfg = Debug|Any CPU
		{FB836E23-2B56-4C25-993E-425E0C75BEA8}.Debug|Any CPU.Build.0 = Debug|Any CPU
		{FB836E23-2B56-4C25-993E-425E0C75BEA8}.Release|Any CPU.ActiveCfg = Release|Any CPU
		{FB836E23-2B56-4C25-993E-425E0C75BEA8}.Release|Any CPU.Build.0 = Release|Any CPU
		{97670968-2461-4E67-93C2-80B5E6B53762}.Debug|Any CPU.ActiveCfg = Debug|Any CPU
		{97670968-2461-4E67-93C2-80B5E6B53762}.Debug|Any CPU.Build.0 = Debug|Any CPU
		{97670968-2461-4E67-93C2-80B5E6B53762}.Release|Any CPU.ActiveCfg = Release|Any CPU
		{97670968-2461-4E67-93C2-80B5E6B53762}.Release|Any CPU.Build.0 = Release|Any CPU
		{1ABEE511-6C9C-4F88-BA59-040EE0AF6E6B}.Debug|Any CPU.ActiveCfg = Debug|Any CPU
		{1ABEE511-6C9C-4F88-BA59-040EE0AF6E6B}.Debug|Any CPU.Build.0 = Debug|Any CPU
		{1ABEE511-6C9C-4F88-BA59-040EE0AF6E6B}.Release|Any CPU.ActiveCfg = Release|Any CPU
		{1ABEE511-6C9C-4F88-BA59-040EE0AF6E6B}.Release|Any CPU.Build.0 = Release|Any CPU
		{30214BE9-345E-4513-A054-B3387895B989}.Debug|Any CPU.ActiveCfg = Debug|Any CPU
		{30214BE9-345E-4513-A054-B3387895B989}.Debug|Any CPU.Build.0 = Debug|Any CPU
		{30214BE9-345E-4513-A054-B3387895B989}.Release|Any CPU.ActiveCfg = Release|Any CPU
		{30214BE9-345E-4513-A054-B3387895B989}.Release|Any CPU.Build.0 = Release|Any CPU
		{B9883A2D-9EF9-40B4-BE67-CF6257E11641}.Debug|Any CPU.ActiveCfg = Debug|Any CPU
		{B9883A2D-9EF9-40B4-BE67-CF6257E11641}.Debug|Any CPU.Build.0 = Debug|Any CPU
		{B9883A2D-9EF9-40B4-BE67-CF6257E11641}.Release|Any CPU.ActiveCfg = Release|Any CPU
		{B9883A2D-9EF9-40B4-BE67-CF6257E11641}.Release|Any CPU.Build.0 = Release|Any CPU
	EndGlobalSection
	GlobalSection(SolutionProperties) = preSolution
		HideSolutionNode = FALSE
	EndGlobalSection
EndGlobal
